
Microsoft Visual Studio Solution File, Format Version 12.00
# Visual Studio 15
VisualStudioVersion = 15.0.27428.2037
MinimumVisualStudioVersion = 10.0.40219.1
Project("{FAE04EC0-301F-11D3-BF4B-00C04F79EFBC}") = "NUnitTestProject", "NUnitTestProject.csproj", "{9C0839A7-F32E-4619-84FD-D62DD4399E5F}"
EndProject
Project("{9A19103F-16F7-4668-BE54-9A1E7A4F7556}") = "ChartSample", "ChartSample\ChartSample\ChartSample.csproj", "{1FB09EA4-3CDE-411D-9B14-5C34791ED2C8}"
EndProject
Project("{FAE04EC0-301F-11D3-BF4B-00C04F79EFBC}") = "ChartSample.Android", "ChartSample\ChartSample.Android\ChartSample.Android.csproj", "{05BF265C-57FE-43FB-8688-B97143C03861}"
EndProject
Global
	GlobalSection(SolutionConfigurationPlatforms) = preSolution
		Debug|Any CPU = Debug|Any CPU
		Release|Any CPU = Release|Any CPU
	EndGlobalSection
	GlobalSection(ProjectConfigurationPlatforms) = postSolution
		{9C0839A7-F32E-4619-84FD-D62DD4399E5F}.Debug|Any CPU.ActiveCfg = Debug|Any CPU
		{9C0839A7-F32E-4619-84FD-D62DD4399E5F}.Debug|Any CPU.Build.0 = Debug|Any CPU
		{9C0839A7-F32E-4619-84FD-D62DD4399E5F}.Release|Any CPU.ActiveCfg = Release|Any CPU
		{9C0839A7-F32E-4619-84FD-D62DD4399E5F}.Release|Any CPU.Build.0 = Release|Any CPU
		{1FB09EA4-3CDE-411D-9B14-5C34791ED2C8}.Debug|Any CPU.ActiveCfg = Debug|Any CPU
		{1FB09EA4-3CDE-411D-9B14-5C34791ED2C8}.Debug|Any CPU.Build.0 = Debug|Any CPU
		{1FB09EA4-3CDE-411D-9B14-5C34791ED2C8}.Release|Any CPU.ActiveCfg = Release|Any CPU
		{1FB09EA4-3CDE-411D-9B14-5C34791ED2C8}.Release|Any CPU.Build.0 = Release|Any CPU
		{05BF265C-57FE-43FB-8688-B97143C03861}.Debug|Any CPU.ActiveCfg = Debug|Any CPU
		{05BF265C-57FE-43FB-8688-B97143C03861}.Debug|Any CPU.Build.0 = Debug|Any CPU
		{05BF265C-57FE-43FB-8688-B97143C03861}.Debug|Any CPU.Deploy.0 = Debug|Any CPU
		{05BF265C-57FE-43FB-8688-B97143C03861}.Release|Any CPU.ActiveCfg = Release|Any CPU
		{05BF265C-57FE-43FB-8688-B97143C03861}.Release|Any CPU.Build.0 = Release|Any CPU
		{05BF265C-57FE-43FB-8688-B97143C03861}.Release|Any CPU.Deploy.0 = Release|Any CPU
	EndGlobalSection
	GlobalSection(SolutionProperties) = preSolution
		HideSolutionNode = FALSE
	EndGlobalSection
	GlobalSection(ExtensibilityGlobals) = postSolution
		SolutionGuid = {618BD09B-7D2C-494C-9E8B-90C32793BB34}
	EndGlobalSection
EndGlobal
